{
  "originHash" : "d397fb484d2066f173408c952386d0819e42a17873fc7682d4047609df638ef4",
  "pins" : [
    {
      "identity" : "musadorakit",
      "kind" : "remoteSourceControl",
      "location" : "https://github.com/rryam/MusadoraKit",
      "state" : {
        "branch" : "main",
        "revision" : "557a538f88c27d459c5315528634ea97e5ffb474"
      }
    },
    {
      "identity" : "swift-syntax",
      "kind" : "remoteSourceControl",
      "location" : "https://github.com/swiftlang/swift-syntax.git",
      "state" : {
        "revision" : "0687f71944021d616d34d922343dcef086855920",
        "version" : "600.0.1"
      }
    },
    {
      "identity" : "swift-testing",
      "kind" : "remoteSourceControl",
      "location" : "https://github.com/apple/swift-testing",
      "state" : {
        "revision" : "399f76dcd91e4c688ca2301fa24a8cc6d9927211",
        "version" : "0.99.0"
      }
    },
    {
      "identity" : "swiftlintplugin",
      "kind" : "remoteSourceControl",
      "location" : "https://github.com/lukepistrol/SwiftLintPlugin",
      "state" : {
        "revision" : "be0b5c5a83cf90e62a51e61624f5b5f9a46279c9",
        "version" : "0.61.0"
      }
    }
  ],
  "version" : 3
}
