{
  "originHash" : "9b6afa5bd1b4f176c814c568f092780e4d69c8dce569c92c375d7ec210a7aca8",
  "pins" : [
    {
      "identity" : "musadorakit",
      "kind" : "remoteSourceControl",
      "location" : "https://github.com/rryam/MusadoraKit",
      "state" : {
        "revision" : "e7808ff4b4fc066dc6dbd4965288392677e68207",
        "version" : "8.3.0"
      }
    }
  ],
  "version" : 3
}
