{
  "originHash" : "678f4a96edde4e4106467df2479f1251fb589dee350def481ab4b9fbb8a3fb6d",
  "pins" : [
    {
      "identity" : "musadorakit",
      "kind" : "remoteSourceControl",
      "location" : "https://github.com/rryam/MusadoraKit",
      "state" : {
        "revision" : "3e0f996fcf7710d54c0e65574ee4163b89d5ea8a",
        "version" : "10.3.0"
      }
    }
  ],
  "version" : 3
}
